// !$*UTF8*$!
{
	archiveVersion = 1;
	classes = {
	};
	objectVersion = 46;
	objects = {

/* Begin PBXBuildFile section */
		DE31CDE81F0FFA0900623166 /* Tile.sks in Resources */ = {isa = PBXBuildFile; fileRef = DE31CDE71F0FFA0900623166 /* Tile.sks */; };
		DE50382A1EF46A4E00A78DAE /* Cube.scn in Resources */ = {isa = PBXBuildFile; fileRef = DE5038291EF46A4E00A78DAE /* Cube.scn */; };
		DE50382C1EF46AB200A78DAE /* Cube.swift in Sources */ = {isa = PBXBuildFile; fileRef = DE50382B1EF46AB200A78DAE /* Cube.swift */; };
		DE587D6A1EF9F33C00C9C53E /* Grid.swift in Sources */ = {isa = PBXBuildFile; fileRef = DE587D691EF9F33C00C9C53E /* Grid.swift */; };
		DE63F89F1EECD1C600B2BF05 /* SceneKit Scene.scn in Resources */ = {isa = PBXBuildFile; fileRef = DE63F89E1EECD1C600B2BF05 /* SceneKit Scene.scn */; };
		DE63F8A11EECD57E00B2BF05 /* SceneKitSceneViewController.swift in Sources */ = {isa = PBXBuildFile; fileRef = DE63F8A01EECD57E00B2BF05 /* SceneKitSceneViewController.swift */; };
		DE9966A61EFC76ED00A69EDB /* ColorPickerViewController.swift in Sources */ = {isa = PBXBuildFile; fileRef = DE9966A41EFC76ED00A69EDB /* ColorPickerViewController.swift */; };
		DED97A3B1EDE0C3A00F2100B /* AppDelegate.swift in Sources */ = {isa = PBXBuildFile; fileRef = DED97A3A1EDE0C3A00F2100B /* AppDelegate.swift */; };
		DED97A3F1EDE0C3A00F2100B /* Assets.xcassets in Resources */ = {isa = PBXBuildFile; fileRef = DED97A3E1EDE0C3A00F2100B /* Assets.xcassets */; };
		DED97A421EDE0C3A00F2100B /* Main.storyboard in Resources */ = {isa = PBXBuildFile; fileRef = DED97A401EDE0C3A00F2100B /* Main.storyboard */; };
		DEFD71171F063A8D00AF4373 /* EventEntryViewController.swift in Sources */ = {isa = PBXBuildFile; fileRef = DEFD71161F063A8D00AF4373 /* EventEntryViewController.swift */; };
		DEFD71191F0644BD00AF4373 /* Event.swift in Sources */ = {isa = PBXBuildFile; fileRef = DEFD71181F0644BD00AF4373 /* Event.swift */; };
		DEFD711B1F06459500AF4373 /* Timeline.swift in Sources */ = {isa = PBXBuildFile; fileRef = DEFD711A1F06459500AF4373 /* Timeline.swift */; };
		DEFD711D1F06472A00AF4373 /* BasicTimelineWindowController.swift in Sources */ = {isa = PBXBuildFile; fileRef = DEFD711C1F06472A00AF4373 /* BasicTimelineWindowController.swift */; };
/* End PBXBuildFile section */

/* Begin PBXFileReference section */
		DE0ADCA31EF5ECC30021BDFD /* 2017-06-17.md */ = {isa = PBXFileReference; lastKnownFileType = net.daringfireball.markdown; path = "2017-06-17.md"; sourceTree = "<group>"; };
		DE10292A1EF4ACF7008E894E /* README.md */ = {isa = PBXFileReference; lastKnownFileType = net.daringfireball.markdown; path = README.md; sourceTree = "<group>"; };
		DE10292C1EF4AD1A008E894E /* Life Calendar Mockups.sketch */ = {isa = PBXFileReference; lastKnownFileType = file; path = "Life Calendar Mockups.sketch"; sourceTree = "<group>"; };
		DE137D441EFAD48C001C2E05 /* 2017-06-21.md */ = {isa = PBXFileReference; lastKnownFileType = net.daringfireball.markdown; path = "2017-06-21.md"; sourceTree = "<group>"; };
		DE1B440C1EFC24440025CF83 /* 2017-06-22.md */ = {isa = PBXFileReference; lastKnownFileType = net.daringfireball.markdown; path = "2017-06-22.md"; sourceTree = "<group>"; };
		DE31CDE71F0FFA0900623166 /* Tile.sks */ = {isa = PBXFileReference; lastKnownFileType = file.sks; path = Tile.sks; sourceTree = "<group>"; };
		DE4676E31F0634BA004C7D9B /* 2017-06-30.md */ = {isa = PBXFileReference; lastKnownFileType = net.daringfireball.markdown; path = "2017-06-30.md"; sourceTree = "<group>"; };
		DE5038291EF46A4E00A78DAE /* Cube.scn */ = {isa = PBXFileReference; lastKnownFileType = file.bplist; path = Cube.scn; sourceTree = "<group>"; };
		DE50382B1EF46AB200A78DAE /* Cube.swift */ = {isa = PBXFileReference; lastKnownFileType = sourcecode.swift; path = Cube.swift; sourceTree = "<group>"; };
		DE587D691EF9F33C00C9C53E /* Grid.swift */ = {isa = PBXFileReference; lastKnownFileType = sourcecode.swift; path = Grid.swift; sourceTree = "<group>"; };
		DE603A2F1F0B8C0800C8C88D /* 2017-07-04.md */ = {isa = PBXFileReference; lastKnownFileType = net.daringfireball.markdown; path = "2017-07-04.md"; sourceTree = "<group>"; };
		DE63F89E1EECD1C600B2BF05 /* SceneKit Scene.scn */ = {isa = PBXFileReference; lastKnownFileType = file.bplist; path = "SceneKit Scene.scn"; sourceTree = "<group>"; };
		DE63F8A01EECD57E00B2BF05 /* SceneKitSceneViewController.swift */ = {isa = PBXFileReference; lastKnownFileType = sourcecode.swift; path = SceneKitSceneViewController.swift; sourceTree = "<group>"; };
		DE9966A41EFC76ED00A69EDB /* ColorPickerViewController.swift */ = {isa = PBXFileReference; lastKnownFileType = sourcecode.swift; path = ColorPickerViewController.swift; sourceTree = "<group>"; };
		DE9966AD1EFC78F900A69EDB /* ColorPickerViewController.storyboard */ = {isa = PBXFileReference; lastKnownFileType = file.storyboard; path = ColorPickerViewController.storyboard; sourceTree = "<group>"; };
		DE9C8D861F0F6242001F05A0 /* 2017-07-07.md */ = {isa = PBXFileReference; lastKnownFileType = net.daringfireball.markdown; path = "2017-07-07.md"; sourceTree = "<group>"; };
		DE9C8D891F0F838E001F05A0 /* Mockup 2 - Basic "Life In Weeks" Idea.png */ = {isa = PBXFileReference; lastKnownFileType = image.png; path = "Mockup 2 - Basic \"Life In Weeks\" Idea.png"; sourceTree = "<group>"; };
		DE9C8D8A1F0F86A6001F05A0 /* 2017-07-07 Fig 1.png */ = {isa = PBXFileReference; lastKnownFileType = image.png; path = "2017-07-07 Fig 1.png"; sourceTree = "<group>"; };
		DEA8DE5D1EF4C0170054CAF0 /* 2017-06-11 Fig 1.png */ = {isa = PBXFileReference; lastKnownFileType = image.png; path = "2017-06-11 Fig 1.png"; sourceTree = "<group>"; };
		DEA8DE5F1EF4C01A0054CAF0 /* 2017-06-16.md */ = {isa = PBXFileReference; lastKnownFileType = net.daringfireball.markdown; path = "2017-06-16.md"; sourceTree = "<group>"; };
		DEA8DE601EF4C01C0054CAF0 /* 2017-06-11.md */ = {isa = PBXFileReference; lastKnownFileType = net.daringfireball.markdown; path = "2017-06-11.md"; sourceTree = "<group>"; };
		DED30F071F0FC0CB00B299C9 /* Life Calendar 1.0 Designs.sketch */ = {isa = PBXFileReference; lastKnownFileType = file; path = "Life Calendar 1.0 Designs.sketch"; sourceTree = "<group>"; };
		DED78FAF1EFD74F700F860BF /* 2017-06-23.md */ = {isa = PBXFileReference; lastKnownFileType = net.daringfireball.markdown; path = "2017-06-23.md"; sourceTree = "<group>"; };
		DED97A371EDE0C3A00F2100B /* Life Calendar.app */ = {isa = PBXFileReference; explicitFileType = wrapper.application; includeInIndex = 0; path = "Life Calendar.app"; sourceTree = BUILT_PRODUCTS_DIR; };
		DED97A3A1EDE0C3A00F2100B /* AppDelegate.swift */ = {isa = PBXFileReference; lastKnownFileType = sourcecode.swift; path = AppDelegate.swift; sourceTree = "<group>"; };
		DED97A3E1EDE0C3A00F2100B /* Assets.xcassets */ = {isa = PBXFileReference; lastKnownFileType = folder.assetcatalog; path = Assets.xcassets; sourceTree = "<group>"; };
		DED97A411EDE0C3A00F2100B /* Base */ = {isa = PBXFileReference; lastKnownFileType = file.storyboard; name = Base; path = Base.lproj/Main.storyboard; sourceTree = "<group>"; };
		DED97A431EDE0C3A00F2100B /* Info.plist */ = {isa = PBXFileReference; lastKnownFileType = text.plist.xml; path = Info.plist; sourceTree = "<group>"; };
		DEE136801EF9E08200F2BFE9 /* 2017-06-20.md */ = {isa = PBXFileReference; lastKnownFileType = net.daringfireball.markdown; path = "2017-06-20.md"; sourceTree = "<group>"; };
		DEE136861EF9ECA300F2BFE9 /* Mockups 1.png */ = {isa = PBXFileReference; lastKnownFileType = image.png; path = "Mockups 1.png"; sourceTree = "<group>"; };
		DEFD71161F063A8D00AF4373 /* EventEntryViewController.swift */ = {isa = PBXFileReference; lastKnownFileType = sourcecode.swift; path = EventEntryViewController.swift; sourceTree = "<group>"; };
		DEFD71181F0644BD00AF4373 /* Event.swift */ = {isa = PBXFileReference; lastKnownFileType = sourcecode.swift; path = Event.swift; sourceTree = "<group>"; };
		DEFD711A1F06459500AF4373 /* Timeline.swift */ = {isa = PBXFileReference; lastKnownFileType = sourcecode.swift; path = Timeline.swift; sourceTree = "<group>"; };
		DEFD711C1F06472A00AF4373 /* BasicTimelineWindowController.swift */ = {isa = PBXFileReference; lastKnownFileType = sourcecode.swift; path = BasicTimelineWindowController.swift; sourceTree = "<group>"; };
/* End PBXFileReference section */

/* Begin PBXFrameworksBuildPhase section */
		DED97A341EDE0C3A00F2100B /* Frameworks */ = {
			isa = PBXFrameworksBuildPhase;
			buildActionMask = 2147483647;
			files = (
			);
			runOnlyForDeploymentPostprocessing = 0;
		};
/* End PBXFrameworksBuildPhase section */

/* Begin PBXGroup section */
		DE63F8A21EED86DE00B2BF05 /* Developer's Log */ = {
			isa = PBXGroup;
			children = (
				DEA8DE5C1EF4C0170054CAF0 /* embed images */,
				DEA8DE601EF4C01C0054CAF0 /* 2017-06-11.md */,
				DEA8DE5F1EF4C01A0054CAF0 /* 2017-06-16.md */,
				DE0ADCA31EF5ECC30021BDFD /* 2017-06-17.md */,
				DEE136801EF9E08200F2BFE9 /* 2017-06-20.md */,
				DE137D441EFAD48C001C2E05 /* 2017-06-21.md */,
				DE1B440C1EFC24440025CF83 /* 2017-06-22.md */,
				DED78FAF1EFD74F700F860BF /* 2017-06-23.md */,
				DE4676E31F0634BA004C7D9B /* 2017-06-30.md */,
				DE603A2F1F0B8C0800C8C88D /* 2017-07-04.md */,
				DE9C8D861F0F6242001F05A0 /* 2017-07-07.md */,
			);
			path = "Developer's Log";
			sourceTree = "<group>";
		};
		DEA8DE5C1EF4C0170054CAF0 /* embed images */ = {
			isa = PBXGroup;
			children = (
				DEA8DE5D1EF4C0170054CAF0 /* 2017-06-11 Fig 1.png */,
				DE9C8D8A1F0F86A6001F05A0 /* 2017-07-07 Fig 1.png */,
			);
			path = "embed images";
			sourceTree = "<group>";
		};
		DED30F061F0FC0A500B299C9 /* Design Files */ = {
			isa = PBXGroup;
			children = (
				DED30F071F0FC0CB00B299C9 /* Life Calendar 1.0 Designs.sketch */,
			);
			path = "Design Files";
			sourceTree = "<group>";
		};
		DED78FB01EFD770000F860BF /* stale */ = {
			isa = PBXGroup;
			children = (
				DE587D691EF9F33C00C9C53E /* Grid.swift */,
				DE5038291EF46A4E00A78DAE /* Cube.scn */,
				DE50382B1EF46AB200A78DAE /* Cube.swift */,
				DE63F89E1EECD1C600B2BF05 /* SceneKit Scene.scn */,
				DE63F8A01EECD57E00B2BF05 /* SceneKitSceneViewController.swift */,
				DE9966A41EFC76ED00A69EDB /* ColorPickerViewController.swift */,
				DE9966AD1EFC78F900A69EDB /* ColorPickerViewController.storyboard */,
			);
			path = stale;
			sourceTree = "<group>";
		};
		DED97A2E1EDE0C3A00F2100B = {
			isa = PBXGroup;
			children = (
				DE10292A1EF4ACF7008E894E /* README.md */,
				DE63F8A21EED86DE00B2BF05 /* Developer's Log */,
				DED97A391EDE0C3A00F2100B /* macOS Codebase */,
				DED30F061F0FC0A500B299C9 /* Design Files */,
				DEE136851EF9ECA300F2BFE9 /* Screenshots and mockups */,
				DED97A381EDE0C3A00F2100B /* Products */,
			);
			sourceTree = "<group>";
		};
		DED97A381EDE0C3A00F2100B /* Products */ = {
			isa = PBXGroup;
			children = (
				DED97A371EDE0C3A00F2100B /* Life Calendar.app */,
			);
			name = Products;
			sourceTree = "<group>";
		};
		DED97A391EDE0C3A00F2100B /* macOS Codebase */ = {
			isa = PBXGroup;
			children = (
				DED78FB01EFD770000F860BF /* stale */,
				DED97A3A1EDE0C3A00F2100B /* AppDelegate.swift */,
				DED97A401EDE0C3A00F2100B /* Main.storyboard */,
				DEFD71161F063A8D00AF4373 /* EventEntryViewController.swift */,
				DEFD711C1F06472A00AF4373 /* BasicTimelineWindowController.swift */,
				DEFD71181F0644BD00AF4373 /* Event.swift */,
				DEFD711A1F06459500AF4373 /* Timeline.swift */,
				DED97A3E1EDE0C3A00F2100B /* Assets.xcassets */,
				DED97A431EDE0C3A00F2100B /* Info.plist */,
				DE31CDE71F0FFA0900623166 /* Tile.sks */,
			);
			path = "macOS Codebase";
			sourceTree = "<group>";
		};
		DEE136851EF9ECA300F2BFE9 /* Screenshots and mockups */ = {
			isa = PBXGroup;
			children = (
				DE10292C1EF4AD1A008E894E /* Life Calendar Mockups.sketch */,
				DEE136861EF9ECA300F2BFE9 /* Mockups 1.png */,
				DE9C8D891F0F838E001F05A0 /* Mockup 2 - Basic "Life In Weeks" Idea.png */,
			);
			path = "Screenshots and mockups";
			sourceTree = "<group>";
		};
/* End PBXGroup section */

/* Begin PBXNativeTarget section */
		DED97A361EDE0C3A00F2100B /* Life Calendar */ = {
			isa = PBXNativeTarget;
			buildConfigurationList = DED97A461EDE0C3A00F2100B /* Build configuration list for PBXNativeTarget "Life Calendar" */;
			buildPhases = (
				DED97A331EDE0C3A00F2100B /* Sources */,
				DED97A341EDE0C3A00F2100B /* Frameworks */,
				DED97A351EDE0C3A00F2100B /* Resources */,
			);
			buildRules = (
			);
			dependencies = (
			);
			name = "Life Calendar";
			productName = "Life Calendar";
			productReference = DED97A371EDE0C3A00F2100B /* Life Calendar.app */;
			productType = "com.apple.product-type.application";
		};
/* End PBXNativeTarget section */

/* Begin PBXProject section */
		DED97A2F1EDE0C3A00F2100B /* Project object */ = {
			isa = PBXProject;
			attributes = {
				LastSwiftUpdateCheck = 0830;
				LastUpgradeCheck = 0900;
				TargetAttributes = {
					DED97A361EDE0C3A00F2100B = {
						CreatedOnToolsVersion = 8.3.1;
						DevelopmentTeam = B2HHR6H4K6;
						ProvisioningStyle = Automatic;
					};
				};
			};
			buildConfigurationList = DED97A321EDE0C3A00F2100B /* Build configuration list for PBXProject "Life Calendar" */;
			compatibilityVersion = "Xcode 3.2";
			developmentRegion = English;
			hasScannedForEncodings = 0;
			knownRegions = (
				en,
				Base,
			);
			mainGroup = DED97A2E1EDE0C3A00F2100B;
			productRefGroup = DED97A381EDE0C3A00F2100B /* Products */;
			projectDirPath = "";
			projectRoot = "";
			targets = (
				DED97A361EDE0C3A00F2100B /* Life Calendar */,
			);
		};
/* End PBXProject section */

/* Begin PBXResourcesBuildPhase section */
		DED97A351EDE0C3A00F2100B /* Resources */ = {
			isa = PBXResourcesBuildPhase;
			buildActionMask = 2147483647;
			files = (
				DE50382A1EF46A4E00A78DAE /* Cube.scn in Resources */,
				DE63F89F1EECD1C600B2BF05 /* SceneKit Scene.scn in Resources */,
				DED97A3F1EDE0C3A00F2100B /* Assets.xcassets in Resources */,
				DE31CDE81F0FFA0900623166 /* Tile.sks in Resources */,
				DED97A421EDE0C3A00F2100B /* Main.storyboard in Resources */,
			);
			runOnlyForDeploymentPostprocessing = 0;
		};
/* End PBXResourcesBuildPhase section */

/* Begin PBXSourcesBuildPhase section */
		DED97A331EDE0C3A00F2100B /* Sources */ = {
			isa = PBXSourcesBuildPhase;
			buildActionMask = 2147483647;
			files = (
				DEFD711B1F06459500AF4373 /* Timeline.swift in Sources */,
				DE50382C1EF46AB200A78DAE /* Cube.swift in Sources */,
				DE63F8A11EECD57E00B2BF05 /* SceneKitSceneViewController.swift in Sources */,
				DEFD71171F063A8D00AF4373 /* EventEntryViewController.swift in Sources */,
				DE587D6A1EF9F33C00C9C53E /* Grid.swift in Sources */,
				DE9966A61EFC76ED00A69EDB /* ColorPickerViewController.swift in Sources */,
				DEFD71191F0644BD00AF4373 /* Event.swift in Sources */,
				DEFD711D1F06472A00AF4373 /* BasicTimelineWindowController.swift in Sources */,
				DED97A3B1EDE0C3A00F2100B /* AppDelegate.swift in Sources */,
			);
			runOnlyForDeploymentPostprocessing = 0;
		};
/* End PBXSourcesBuildPhase section */

/* Begin PBXVariantGroup section */
		DED97A401EDE0C3A00F2100B /* Main.storyboard */ = {
			isa = PBXVariantGroup;
			children = (
				DED97A411EDE0C3A00F2100B /* Base */,
			);
			name = Main.storyboard;
			sourceTree = "<group>";
		};
/* End PBXVariantGroup section */

/* Begin XCBuildConfiguration section */
		DED97A441EDE0C3A00F2100B /* Debug */ = {
			isa = XCBuildConfiguration;
			buildSettings = {
				ALWAYS_SEARCH_USER_PATHS = NO;
				CLANG_ANALYZER_NONNULL = YES;
				CLANG_ANALYZER_NUMBER_OBJECT_CONVERSION = YES_AGGRESSIVE;
				CLANG_CXX_LANGUAGE_STANDARD = "gnu++0x";
				CLANG_CXX_LIBRARY = "libc++";
				CLANG_ENABLE_MODULES = YES;
				CLANG_ENABLE_OBJC_ARC = YES;
				CLANG_WARN_BLOCK_CAPTURE_AUTORELEASING = YES;
				CLANG_WARN_BOOL_CONVERSION = YES;
				CLANG_WARN_COMMA = YES;
				CLANG_WARN_CONSTANT_CONVERSION = YES;
				CLANG_WARN_DIRECT_OBJC_ISA_USAGE = YES_ERROR;
				CLANG_WARN_DOCUMENTATION_COMMENTS = YES;
				CLANG_WARN_EMPTY_BODY = YES;
				CLANG_WARN_ENUM_CONVERSION = YES;
				CLANG_WARN_INFINITE_RECURSION = YES;
				CLANG_WARN_INT_CONVERSION = YES;
				CLANG_WARN_NON_LITERAL_NULL_CONVERSION = YES;
				CLANG_WARN_OBJC_LITERAL_CONVERSION = YES;
				CLANG_WARN_OBJC_ROOT_CLASS = YES_ERROR;
				CLANG_WARN_RANGE_LOOP_ANALYSIS = YES;
				CLANG_WARN_STRICT_PROTOTYPES = YES;
				CLANG_WARN_SUSPICIOUS_MOVE = YES;
				CLANG_WARN_UNREACHABLE_CODE = YES;
				CLANG_WARN__DUPLICATE_METHOD_MATCH = YES;
				CODE_SIGN_IDENTITY = "-";
				COPY_PHASE_STRIP = NO;
				DEBUG_INFORMATION_FORMAT = dwarf;
				ENABLE_STRICT_OBJC_MSGSEND = YES;
				ENABLE_TESTABILITY = YES;
				GCC_C_LANGUAGE_STANDARD = gnu99;
				GCC_DYNAMIC_NO_PIC = NO;
				GCC_NO_COMMON_BLOCKS = YES;
				GCC_OPTIMIZATION_LEVEL = 0;
				GCC_PREPROCESSOR_DEFINITIONS = (
					"DEBUG=1",
					"$(inherited)",
				);
				GCC_WARN_64_TO_32_BIT_CONVERSION = YES;
				GCC_WARN_ABOUT_RETURN_TYPE = YES_ERROR;
				GCC_WARN_UNDECLARED_SELECTOR = YES;
				GCC_WARN_UNINITIALIZED_AUTOS = YES_AGGRESSIVE;
				GCC_WARN_UNUSED_FUNCTION = YES;
				GCC_WARN_UNUSED_VARIABLE = YES;
				MACOSX_DEPLOYMENT_TARGET = 10.12;
				MTL_ENABLE_DEBUG_INFO = YES;
				ONLY_ACTIVE_ARCH = YES;
				SDKROOT = macosx;
				SWIFT_ACTIVE_COMPILATION_CONDITIONS = DEBUG;
				SWIFT_OPTIMIZATION_LEVEL = "-Onone";
			};
			name = Debug;
		};
		DED97A451EDE0C3A00F2100B /* Release */ = {
			isa = XCBuildConfiguration;
			buildSettings = {
				ALWAYS_SEARCH_USER_PATHS = NO;
				CLANG_ANALYZER_NONNULL = YES;
				CLANG_ANALYZER_NUMBER_OBJECT_CONVERSION = YES_AGGRESSIVE;
				CLANG_CXX_LANGUAGE_STANDARD = "gnu++0x";
				CLANG_CXX_LIBRARY = "libc++";
				CLANG_ENABLE_MODULES = YES;
				CLANG_ENABLE_OBJC_ARC = YES;
				CLANG_WARN_BLOCK_CAPTURE_AUTORELEASING = YES;
				CLANG_WARN_BOOL_CONVERSION = YES;
				CLANG_WARN_COMMA = YES;
				CLANG_WARN_CONSTANT_CONVERSION = YES;
				CLANG_WARN_DIRECT_OBJC_ISA_USAGE = YES_ERROR;
				CLANG_WARN_DOCUMENTATION_COMMENTS = YES;
				CLANG_WARN_EMPTY_BODY = YES;
				CLANG_WARN_ENUM_CONVERSION = YES;
				CLANG_WARN_INFINITE_RECURSION = YES;
				CLANG_WARN_INT_CONVERSION = YES;
				CLANG_WARN_NON_LITERAL_NULL_CONVERSION = YES;
				CLANG_WARN_OBJC_LITERAL_CONVERSION = YES;
				CLANG_WARN_OBJC_ROOT_CLASS = YES_ERROR;
				CLANG_WARN_RANGE_LOOP_ANALYSIS = YES;
				CLANG_WARN_STRICT_PROTOTYPES = YES;
				CLANG_WARN_SUSPICIOUS_MOVE = YES;
				CLANG_WARN_UNREACHABLE_CODE = YES;
				CLANG_WARN__DUPLICATE_METHOD_MATCH = YES;
				CODE_SIGN_IDENTITY = "-";
				COPY_PHASE_STRIP = NO;
				DEBUG_INFORMATION_FORMAT = "dwarf-with-dsym";
				ENABLE_NS_ASSERTIONS = NO;
				ENABLE_STRICT_OBJC_MSGSEND = YES;
				GCC_C_LANGUAGE_STANDARD = gnu99;
				GCC_NO_COMMON_BLOCKS = YES;
				GCC_WARN_64_TO_32_BIT_CONVERSION = YES;
				GCC_WARN_ABOUT_RETURN_TYPE = YES_ERROR;
				GCC_WARN_UNDECLARED_SELECTOR = YES;
				GCC_WARN_UNINITIALIZED_AUTOS = YES_AGGRESSIVE;
				GCC_WARN_UNUSED_FUNCTION = YES;
				GCC_WARN_UNUSED_VARIABLE = YES;
				MACOSX_DEPLOYMENT_TARGET = 10.12;
				MTL_ENABLE_DEBUG_INFO = NO;
				SDKROOT = macosx;
				SWIFT_OPTIMIZATION_LEVEL = "-Owholemodule";
			};
			name = Release;
		};
		DED97A471EDE0C3A00F2100B /* Debug */ = {
			isa = XCBuildConfiguration;
			buildSettings = {
				ASSETCATALOG_COMPILER_APPICON_NAME = AppIcon;
				CODE_SIGN_IDENTITY = "Mac Developer";
				CODE_SIGN_STYLE = Automatic;
				COMBINE_HIDPI_IMAGES = YES;
				DEVELOPMENT_TEAM = B2HHR6H4K6;
				INFOPLIST_FILE = "$(SRCROOT)/macOS Codebase/Info.plist";
				LD_RUNPATH_SEARCH_PATHS = "$(inherited) @executable_path/../Frameworks";
				PRODUCT_BUNDLE_IDENTIFIER = "vdk.wes.Life-Calendar";
				PRODUCT_NAME = "$(TARGET_NAME)";
				PROVISIONING_PROFILE_SPECIFIER = "";
				SWIFT_VERSION = 4.0;
			};
			name = Debug;
		};
		DED97A481EDE0C3A00F2100B /* Release */ = {
			isa = XCBuildConfiguration;
			buildSettings = {
				ASSETCATALOG_COMPILER_APPICON_NAME = AppIcon;
				CODE_SIGN_IDENTITY = "Mac Developer";
				CODE_SIGN_STYLE = Automatic;
				COMBINE_HIDPI_IMAGES = YES;
				DEVELOPMENT_TEAM = B2HHR6H4K6;
				INFOPLIST_FILE = "$(SRCROOT)/macOS Codebase/Info.plist";
				LD_RUNPATH_SEARCH_PATHS = "$(inherited) @executable_path/../Frameworks";
				PRODUCT_BUNDLE_IDENTIFIER = "vdk.wes.Life-Calendar";
				PRODUCT_NAME = "$(TARGET_NAME)";
				PROVISIONING_PROFILE_SPECIFIER = "";
				SWIFT_VERSION = 4.0;
			};
			name = Release;
		};
/* End XCBuildConfiguration section */

/* Begin XCConfigurationList section */
		DED97A321EDE0C3A00F2100B /* Build configuration list for PBXProject "Life Calendar" */ = {
			isa = XCConfigurationList;
			buildConfigurations = (
				DED97A441EDE0C3A00F2100B /* Debug */,
				DED97A451EDE0C3A00F2100B /* Release */,
			);
			defaultConfigurationIsVisible = 0;
			defaultConfigurationName = Release;
		};
		DED97A461EDE0C3A00F2100B /* Build configuration list for PBXNativeTarget "Life Calendar" */ = {
			isa = XCConfigurationList;
			buildConfigurations = (
				DED97A471EDE0C3A00F2100B /* Debug */,
				DED97A481EDE0C3A00F2100B /* Release */,
			);
			defaultConfigurationIsVisible = 0;
			defaultConfigurationName = Release;
		};
/* End XCConfigurationList section */
	};
	rootObject = DED97A2F1EDE0C3A00F2100B /* Project object */;
}
