// !$*UTF8*$!
{
	archiveVersion = 1;
	classes = {
	};
	objectVersion = 50;
	objects = {

/* Begin PBXBuildFile section */
		DE593E2224355937006814F1 /* NewEventButton.swift in Sources */ = {isa = PBXBuildFile; fileRef = DE593E2124355937006814F1 /* NewEventButton.swift */; };
		DE713E1C231F3CBC0004DD17 /* AppDelegate.swift in Sources */ = {isa = PBXBuildFile; fileRef = DE713E1B231F3CBC0004DD17 /* AppDelegate.swift */; };
		DE713E1E231F3CBC0004DD17 /* ContentView.swift in Sources */ = {isa = PBXBuildFile; fileRef = DE713E1D231F3CBC0004DD17 /* ContentView.swift */; };
		DE713E20231F3CBE0004DD17 /* Assets.xcassets in Resources */ = {isa = PBXBuildFile; fileRef = DE713E1F231F3CBE0004DD17 /* Assets.xcassets */; };
		DE713E23231F3CBE0004DD17 /* Preview Assets.xcassets in Resources */ = {isa = PBXBuildFile; fileRef = DE713E22231F3CBE0004DD17 /* Preview Assets.xcassets */; };
		DE713E26231F3CBE0004DD17 /* Main.storyboard in Resources */ = {isa = PBXBuildFile; fileRef = DE713E24231F3CBE0004DD17 /* Main.storyboard */; };
		DE8D076F231F6C7500E9CE13 /* GridCell.swift in Sources */ = {isa = PBXBuildFile; fileRef = DE8D076E231F6C7500E9CE13 /* GridCell.swift */; };
		DE8D0771231FF4EC00E9CE13 /* Event.swift in Sources */ = {isa = PBXBuildFile; fileRef = DE8D0770231FF4EC00E9CE13 /* Event.swift */; };
		DE8D0775231FF72A00E9CE13 /* Week.swift in Sources */ = {isa = PBXBuildFile; fileRef = DE8D0774231FF72A00E9CE13 /* Week.swift */; };
		DE9B7F292320262100130DC7 /* Grid.swift in Sources */ = {isa = PBXBuildFile; fileRef = DE9B7F282320262100130DC7 /* Grid.swift */; };
		DEB2979124393BB200DD3800 /* Life.swift in Sources */ = {isa = PBXBuildFile; fileRef = DEB2979024393BB200DD3800 /* Life.swift */; };
/* End PBXBuildFile section */

/* Begin PBXFileReference section */
		DE593E2124355937006814F1 /* NewEventButton.swift */ = {isa = PBXFileReference; lastKnownFileType = sourcecode.swift; path = NewEventButton.swift; sourceTree = "<group>"; };
		DE713E18231F3CBC0004DD17 /* Life Calendar.app */ = {isa = PBXFileReference; explicitFileType = wrapper.application; includeInIndex = 0; path = "Life Calendar.app"; sourceTree = BUILT_PRODUCTS_DIR; };
		DE713E1B231F3CBC0004DD17 /* AppDelegate.swift */ = {isa = PBXFileReference; lastKnownFileType = sourcecode.swift; path = AppDelegate.swift; sourceTree = "<group>"; };
		DE713E1D231F3CBC0004DD17 /* ContentView.swift */ = {isa = PBXFileReference; lastKnownFileType = sourcecode.swift; path = ContentView.swift; sourceTree = "<group>"; };
		DE713E1F231F3CBE0004DD17 /* Assets.xcassets */ = {isa = PBXFileReference; lastKnownFileType = folder.assetcatalog; path = Assets.xcassets; sourceTree = "<group>"; };
		DE713E22231F3CBE0004DD17 /* Preview Assets.xcassets */ = {isa = PBXFileReference; lastKnownFileType = folder.assetcatalog; path = "Preview Assets.xcassets"; sourceTree = "<group>"; };
		DE713E25231F3CBE0004DD17 /* Base */ = {isa = PBXFileReference; lastKnownFileType = file.storyboard; name = Base; path = Base.lproj/Main.storyboard; sourceTree = "<group>"; };
		DE713E27231F3CBE0004DD17 /* Info.plist */ = {isa = PBXFileReference; lastKnownFileType = text.plist.xml; path = Info.plist; sourceTree = "<group>"; };
		DE713E28231F3CBE0004DD17 /* Life_Calendar.entitlements */ = {isa = PBXFileReference; lastKnownFileType = text.plist.entitlements; path = Life_Calendar.entitlements; sourceTree = "<group>"; };
		DE8D076E231F6C7500E9CE13 /* GridCell.swift */ = {isa = PBXFileReference; lastKnownFileType = sourcecode.swift; path = GridCell.swift; sourceTree = "<group>"; };
		DE8D0770231FF4EC00E9CE13 /* Event.swift */ = {isa = PBXFileReference; lastKnownFileType = sourcecode.swift; path = Event.swift; sourceTree = "<group>"; };
		DE8D0774231FF72A00E9CE13 /* Week.swift */ = {isa = PBXFileReference; lastKnownFileType = sourcecode.swift; path = Week.swift; sourceTree = "<group>"; };
		DE9B7F282320262100130DC7 /* Grid.swift */ = {isa = PBXFileReference; lastKnownFileType = sourcecode.swift; path = Grid.swift; sourceTree = "<group>"; };
		DEB2979024393BB200DD3800 /* Life.swift */ = {isa = PBXFileReference; lastKnownFileType = sourcecode.swift; path = Life.swift; sourceTree = "<group>"; };
/* End PBXFileReference section */

/* Begin PBXFrameworksBuildPhase section */
		DE713E15231F3CBC0004DD17 /* Frameworks */ = {
			isa = PBXFrameworksBuildPhase;
			buildActionMask = 2147483647;
			files = (
			);
			runOnlyForDeploymentPostprocessing = 0;
		};
/* End PBXFrameworksBuildPhase section */

/* Begin PBXGroup section */
		DE713E0F231F3CBC0004DD17 = {
			isa = PBXGroup;
			children = (
				DE713E1A231F3CBC0004DD17 /* Life Calendar */,
				DE713E19231F3CBC0004DD17 /* Products */,
			);
			sourceTree = "<group>";
		};
		DE713E19231F3CBC0004DD17 /* Products */ = {
			isa = PBXGroup;
			children = (
				DE713E18231F3CBC0004DD17 /* Life Calendar.app */,
			);
			name = Products;
			sourceTree = "<group>";
		};
		DE713E1A231F3CBC0004DD17 /* Life Calendar */ = {
			isa = PBXGroup;
			children = (
				DE713E1B231F3CBC0004DD17 /* AppDelegate.swift */,
				DE713E1D231F3CBC0004DD17 /* ContentView.swift */,
				DEB2979024393BB200DD3800 /* Life.swift */,
				DE8D0770231FF4EC00E9CE13 /* Event.swift */,
				DE8D076E231F6C7500E9CE13 /* GridCell.swift */,
				DE9B7F282320262100130DC7 /* Grid.swift */,
				DE593E2124355937006814F1 /* NewEventButton.swift */,
				DE8D0774231FF72A00E9CE13 /* Week.swift */,
				DE713E1F231F3CBE0004DD17 /* Assets.xcassets */,
				DE713E24231F3CBE0004DD17 /* Main.storyboard */,
				DE713E27231F3CBE0004DD17 /* Info.plist */,
				DE713E28231F3CBE0004DD17 /* Life_Calendar.entitlements */,
				DE713E21231F3CBE0004DD17 /* Preview Content */,
			);
			path = "Life Calendar";
			sourceTree = "<group>";
		};
		DE713E21231F3CBE0004DD17 /* Preview Content */ = {
			isa = PBXGroup;
			children = (
				DE713E22231F3CBE0004DD17 /* Preview Assets.xcassets */,
			);
			path = "Preview Content";
			sourceTree = "<group>";
		};
/* End PBXGroup section */

/* Begin PBXNativeTarget section */
		DE713E17231F3CBC0004DD17 /* Life Calendar */ = {
			isa = PBXNativeTarget;
			buildConfigurationList = DE713E2B231F3CBE0004DD17 /* Build configuration list for PBXNativeTarget "Life Calendar" */;
			buildPhases = (
				DE713E14231F3CBC0004DD17 /* Sources */,
				DE713E15231F3CBC0004DD17 /* Frameworks */,
				DE713E16231F3CBC0004DD17 /* Resources */,
			);
			buildRules = (
			);
			dependencies = (
			);
			name = "Life Calendar";
			productName = "Life Calendar";
			productReference = DE713E18231F3CBC0004DD17 /* Life Calendar.app */;
			productType = "com.apple.product-type.application";
		};
/* End PBXNativeTarget section */

/* Begin PBXProject section */
		DE713E10231F3CBC0004DD17 /* Project object */ = {
			isa = PBXProject;
			attributes = {
				LastSwiftUpdateCheck = 1100;
				LastUpgradeCheck = 1100;
				ORGANIZATIONNAME = wes;
				TargetAttributes = {
					DE713E17231F3CBC0004DD17 = {
						CreatedOnToolsVersion = 11.0;
					};
				};
			};
			buildConfigurationList = DE713E13231F3CBC0004DD17 /* Build configuration list for PBXProject "Life Calendar" */;
			compatibilityVersion = "Xcode 9.3";
			developmentRegion = en;
			hasScannedForEncodings = 0;
			knownRegions = (
				en,
				Base,
			);
			mainGroup = DE713E0F231F3CBC0004DD17;
			productRefGroup = DE713E19231F3CBC0004DD17 /* Products */;
			projectDirPath = "";
			projectRoot = "";
			targets = (
				DE713E17231F3CBC0004DD17 /* Life Calendar */,
			);
		};
/* End PBXProject section */

/* Begin PBXResourcesBuildPhase section */
		DE713E16231F3CBC0004DD17 /* Resources */ = {
			isa = PBXResourcesBuildPhase;
			buildActionMask = 2147483647;
			files = (
				DE713E26231F3CBE0004DD17 /* Main.storyboard in Resources */,
				DE713E23231F3CBE0004DD17 /* Preview Assets.xcassets in Resources */,
				DE713E20231F3CBE0004DD17 /* Assets.xcassets in Resources */,
			);
			runOnlyForDeploymentPostprocessing = 0;
		};
/* End PBXResourcesBuildPhase section */

/* Begin PBXSourcesBuildPhase section */
		DE713E14231F3CBC0004DD17 /* Sources */ = {
			isa = PBXSourcesBuildPhase;
			buildActionMask = 2147483647;
			files = (
				DE8D0771231FF4EC00E9CE13 /* Event.swift in Sources */,
				DE713E1E231F3CBC0004DD17 /* ContentView.swift in Sources */,
				DE713E1C231F3CBC0004DD17 /* AppDelegate.swift in Sources */,
				DE8D076F231F6C7500E9CE13 /* GridCell.swift in Sources */,
				DE8D0775231FF72A00E9CE13 /* Week.swift in Sources */,
				DEB2979124393BB200DD3800 /* Life.swift in Sources */,
				DE9B7F292320262100130DC7 /* Grid.swift in Sources */,
				DE593E2224355937006814F1 /* NewEventButton.swift in Sources */,
			);
			runOnlyForDeploymentPostprocessing = 0;
		};
/* End PBXSourcesBuildPhase section */

/* Begin PBXVariantGroup section */
		DE713E24231F3CBE0004DD17 /* Main.storyboard */ = {
			isa = PBXVariantGroup;
			children = (
				DE713E25231F3CBE0004DD17 /* Base */,
			);
			name = Main.storyboard;
			sourceTree = "<group>";
		};
/* End PBXVariantGroup section */

/* Begin XCBuildConfiguration section */
		DE713E29231F3CBE0004DD17 /* Debug */ = {
			isa = XCBuildConfiguration;
			buildSettings = {
				ALWAYS_SEARCH_USER_PATHS = NO;
				CLANG_ANALYZER_NONNULL = YES;
				CLANG_ANALYZER_NUMBER_OBJECT_CONVERSION = YES_AGGRESSIVE;
				CLANG_CXX_LANGUAGE_STANDARD = "gnu++14";
				CLANG_CXX_LIBRARY = "libc++";
				CLANG_ENABLE_MODULES = YES;
				CLANG_ENABLE_OBJC_ARC = YES;
				CLANG_ENABLE_OBJC_WEAK = YES;
				CLANG_WARN_BLOCK_CAPTURE_AUTORELEASING = YES;
				CLANG_WARN_BOOL_CONVERSION = YES;
				CLANG_WARN_COMMA = YES;
				CLANG_WARN_CONSTANT_CONVERSION = YES;
				CLANG_WARN_DEPRECATED_OBJC_IMPLEMENTATIONS = YES;
				CLANG_WARN_DIRECT_OBJC_ISA_USAGE = YES_ERROR;
				CLANG_WARN_DOCUMENTATION_COMMENTS = YES;
				CLANG_WARN_EMPTY_BODY = YES;
				CLANG_WARN_ENUM_CONVERSION = YES;
				CLANG_WARN_INFINITE_RECURSION = YES;
				CLANG_WARN_INT_CONVERSION = YES;
				CLANG_WARN_NON_LITERAL_NULL_CONVERSION = YES;
				CLANG_WARN_OBJC_IMPLICIT_RETAIN_SELF = YES;
				CLANG_WARN_OBJC_LITERAL_CONVERSION = YES;
				CLANG_WARN_OBJC_ROOT_CLASS = YES_ERROR;
				CLANG_WARN_RANGE_LOOP_ANALYSIS = YES;
				CLANG_WARN_STRICT_PROTOTYPES = YES;
				CLANG_WARN_SUSPICIOUS_MOVE = YES;
				CLANG_WARN_UNGUARDED_AVAILABILITY = YES_AGGRESSIVE;
				CLANG_WARN_UNREACHABLE_CODE = YES;
				CLANG_WARN__DUPLICATE_METHOD_MATCH = YES;
				COPY_PHASE_STRIP = NO;
				DEBUG_INFORMATION_FORMAT = dwarf;
				ENABLE_STRICT_OBJC_MSGSEND = YES;
				ENABLE_TESTABILITY = YES;
				GCC_C_LANGUAGE_STANDARD = gnu11;
				GCC_DYNAMIC_NO_PIC = NO;
				GCC_NO_COMMON_BLOCKS = YES;
				GCC_OPTIMIZATION_LEVEL = 0;
				GCC_PREPROCESSOR_DEFINITIONS = (
					"DEBUG=1",
					"$(inherited)",
				);
				GCC_WARN_64_TO_32_BIT_CONVERSION = YES;
				GCC_WARN_ABOUT_RETURN_TYPE = YES_ERROR;
				GCC_WARN_UNDECLARED_SELECTOR = YES;
				GCC_WARN_UNINITIALIZED_AUTOS = YES_AGGRESSIVE;
				GCC_WARN_UNUSED_FUNCTION = YES;
				GCC_WARN_UNUSED_VARIABLE = YES;
				MACOSX_DEPLOYMENT_TARGET = 10.14;
				MTL_ENABLE_DEBUG_INFO = INCLUDE_SOURCE;
				MTL_FAST_MATH = YES;
				ONLY_ACTIVE_ARCH = YES;
				SDKROOT = macosx;
				SWIFT_ACTIVE_COMPILATION_CONDITIONS = DEBUG;
				SWIFT_OPTIMIZATION_LEVEL = "-Onone";
			};
			name = Debug;
		};
		DE713E2A231F3CBE0004DD17 /* Release */ = {
			isa = XCBuildConfiguration;
			buildSettings = {
				ALWAYS_SEARCH_USER_PATHS = NO;
				CLANG_ANALYZER_NONNULL = YES;
				CLANG_ANALYZER_NUMBER_OBJECT_CONVERSION = YES_AGGRESSIVE;
				CLANG_CXX_LANGUAGE_STANDARD = "gnu++14";
				CLANG_CXX_LIBRARY = "libc++";
				CLANG_ENABLE_MODULES = YES;
				CLANG_ENABLE_OBJC_ARC = YES;
				CLANG_ENABLE_OBJC_WEAK = YES;
				CLANG_WARN_BLOCK_CAPTURE_AUTORELEASING = YES;
				CLANG_WARN_BOOL_CONVERSION = YES;
				CLANG_WARN_COMMA = YES;
				CLANG_WARN_CONSTANT_CONVERSION = YES;
				CLANG_WARN_DEPRECATED_OBJC_IMPLEMENTATIONS = YES;
				CLANG_WARN_DIRECT_OBJC_ISA_USAGE = YES_ERROR;
				CLANG_WARN_DOCUMENTATION_COMMENTS = YES;
				CLANG_WARN_EMPTY_BODY = YES;
				CLANG_WARN_ENUM_CONVERSION = YES;
				CLANG_WARN_INFINITE_RECURSION = YES;
				CLANG_WARN_INT_CONVERSION = YES;
				CLANG_WARN_NON_LITERAL_NULL_CONVERSION = YES;
				CLANG_WARN_OBJC_IMPLICIT_RETAIN_SELF = YES;
				CLANG_WARN_OBJC_LITERAL_CONVERSION = YES;
				CLANG_WARN_OBJC_ROOT_CLASS = YES_ERROR;
				CLANG_WARN_RANGE_LOOP_ANALYSIS = YES;
				CLANG_WARN_STRICT_PROTOTYPES = YES;
				CLANG_WARN_SUSPICIOUS_MOVE = YES;
				CLANG_WARN_UNGUARDED_AVAILABILITY = YES_AGGRESSIVE;
				CLANG_WARN_UNREACHABLE_CODE = YES;
				CLANG_WARN__DUPLICATE_METHOD_MATCH = YES;
				COPY_PHASE_STRIP = NO;
				DEBUG_INFORMATION_FORMAT = "dwarf-with-dsym";
				ENABLE_NS_ASSERTIONS = NO;
				ENABLE_STRICT_OBJC_MSGSEND = YES;
				GCC_C_LANGUAGE_STANDARD = gnu11;
				GCC_NO_COMMON_BLOCKS = YES;
				GCC_WARN_64_TO_32_BIT_CONVERSION = YES;
				GCC_WARN_ABOUT_RETURN_TYPE = YES_ERROR;
				GCC_WARN_UNDECLARED_SELECTOR = YES;
				GCC_WARN_UNINITIALIZED_AUTOS = YES_AGGRESSIVE;
				GCC_WARN_UNUSED_FUNCTION = YES;
				GCC_WARN_UNUSED_VARIABLE = YES;
				MACOSX_DEPLOYMENT_TARGET = 10.14;
				MTL_ENABLE_DEBUG_INFO = NO;
				MTL_FAST_MATH = YES;
				SDKROOT = macosx;
				SWIFT_COMPILATION_MODE = wholemodule;
				SWIFT_OPTIMIZATION_LEVEL = "-O";
			};
			name = Release;
		};
		DE713E2C231F3CBE0004DD17 /* Debug */ = {
			isa = XCBuildConfiguration;
			buildSettings = {
				ASSETCATALOG_COMPILER_APPICON_NAME = AppIcon;
				CODE_SIGN_ENTITLEMENTS = "Life Calendar/Life_Calendar.entitlements";
				CODE_SIGN_STYLE = Automatic;
				COMBINE_HIDPI_IMAGES = YES;
				DEVELOPMENT_ASSET_PATHS = "\"Life Calendar/Preview Content\"";
				DEVELOPMENT_TEAM = B2HHR6H4K6;
				ENABLE_HARDENED_RUNTIME = YES;
				ENABLE_PREVIEWS = YES;
				INFOPLIST_FILE = "Life Calendar/Info.plist";
				LD_RUNPATH_SEARCH_PATHS = (
					"$(inherited)",
					"@executable_path/../Frameworks",
				);
				MACOSX_DEPLOYMENT_TARGET = 10.15;
				PRODUCT_BUNDLE_IDENTIFIER = "wes.vdk.Life-Calendar";
				PRODUCT_NAME = "$(TARGET_NAME)";
				SWIFT_VERSION = 5.0;
			};
			name = Debug;
		};
		DE713E2D231F3CBE0004DD17 /* Release */ = {
			isa = XCBuildConfiguration;
			buildSettings = {
				ASSETCATALOG_COMPILER_APPICON_NAME = AppIcon;
				CODE_SIGN_ENTITLEMENTS = "Life Calendar/Life_Calendar.entitlements";
				CODE_SIGN_STYLE = Automatic;
				COMBINE_HIDPI_IMAGES = YES;
				DEVELOPMENT_ASSET_PATHS = "\"Life Calendar/Preview Content\"";
				DEVELOPMENT_TEAM = B2HHR6H4K6;
				ENABLE_HARDENED_RUNTIME = YES;
				ENABLE_PREVIEWS = YES;
				INFOPLIST_FILE = "Life Calendar/Info.plist";
				LD_RUNPATH_SEARCH_PATHS = (
					"$(inherited)",
					"@executable_path/../Frameworks",
				);
				MACOSX_DEPLOYMENT_TARGET = 10.15;
				PRODUCT_BUNDLE_IDENTIFIER = "wes.vdk.Life-Calendar";
				PRODUCT_NAME = "$(TARGET_NAME)";
				SWIFT_VERSION = 5.0;
			};
			name = Release;
		};
/* End XCBuildConfiguration section */

/* Begin XCConfigurationList section */
		DE713E13231F3CBC0004DD17 /* Build configuration list for PBXProject "Life Calendar" */ = {
			isa = XCConfigurationList;
			buildConfigurations = (
				DE713E29231F3CBE0004DD17 /* Debug */,
				DE713E2A231F3CBE0004DD17 /* Release */,
			);
			defaultConfigurationIsVisible = 0;
			defaultConfigurationName = Release;
		};
		DE713E2B231F3CBE0004DD17 /* Build configuration list for PBXNativeTarget "Life Calendar" */ = {
			isa = XCConfigurationList;
			buildConfigurations = (
				DE713E2C231F3CBE0004DD17 /* Debug */,
				DE713E2D231F3CBE0004DD17 /* Release */,
			);
			defaultConfigurationIsVisible = 0;
			defaultConfigurationName = Release;
		};
/* End XCConfigurationList section */
	};
	rootObject = DE713E10231F3CBC0004DD17 /* Project object */;
}
